Microsoft Visual Studio Solution File, Format Version 12.00
# Visual Studio Version 17
VisualStudioVersion = 17.0.31903.59
MinimumVisualStudioVersion = 10.0.40219.1
Project("{FAE04EC0-301F-11D3-BF4B-00C04F79EFBC}") = "Arvrel.Protection", "src\Arvrel.Protection\Arvrel.Protection.csproj", "{4E8F7E48-991E-4D83-A43D-47E7D34B89A1}"
EndProject
Project("{FAE04EC0-301F-11D3-BF4B-00C04F79EFBC}") = "Arvrel.Capture", "src\Arvrel.Capture\Arvrel.Capture.csproj", "{F6F3D7D4-45B8-4E16-A6F7-6C54E4D4F781}"
EndProject
Project("{FAE04EC0-301F-11D3-BF4B-00C04F79EFBC}") = "Arvrel.Application", "src\Arvrel.Application\Arvrel.Application.csproj", "{8C0F6829-4A32-4F8F-9233-5D6D685C4701}"
EndProject
Project("{FAE04EC0-301F-11D3-BF4B-00C04F79EFBC}") = "Arvrel.App", "src\Arvrel.App\Arvrel.App.csproj", "{D11A2AA2-7F3A-4F9C-9B61-339EA22E78AE}"
EndProject
Project("{FAE04EC0-301F-11D3-BF4B-00C04F79EFBC}") = "Arvrel.Protection.Tests", "tests\Arvrel.Protection.Tests\Arvrel.Protection.Tests.csproj", "{54D9FB8D-F17B-478B-81BE-A7E29A728681}"
EndProject
Project("{FAE04EC0-301F-11D3-BF4B-00C04F79EFBC}") = "Arvrel.Capture.Tests", "tests\Arvrel.Capture.Tests\Arvrel.Capture.Tests.csproj", "{B8EBD854-8CB0-4A6E-BC72-2A8B1A3D9464}"
EndProject
Project("{FAE04EC0-301F-11D3-BF4B-00C04F79EFBC}") = "Arvrel.Application.Tests", "tests\Arvrel.Application.Tests\Arvrel.Application.Tests.csproj", "{EAA18941-39C3-4A03-9E22-23B6A40930D9}"
EndProject
Project("{FAE04EC0-301F-11D3-BF4B-00C04F79EFBC}") = "Arvrel.ProcessBus", "src\Arvrel.ProcessBus\Arvrel.ProcessBus.csproj", "{5EC29F15-C268-4F10-A9CC-5E3AB0D4C0F1}"
EndProject
Project("{FAE04EC0-301F-11D3-BF4B-00C04F79EFBC}") = "Arvrel.ProcessBus.Tests", "tests\Arvrel.ProcessBus.Tests\Arvrel.ProcessBus.Tests.csproj", "{A4C70D89-F987-44E1-A785-27AD7FF7985D}"
EndProject
Global
    GlobalSection(SolutionConfigurationPlatforms) = preSolution
        Debug|Any CPU = Debug|Any CPU
        Release|Any CPU = Release|Any CPU
    EndGlobalSection
    GlobalSection(ProjectConfigurationPlatforms) = postSolution
        {4E8F7E48-991E-4D83-A43D-47E7D34B89A1}.Debug|Any CPU.ActiveCfg = Debug|Any CPU
        {4E8F7E48-991E-4D83-A43D-47E7D34B89A1}.Debug|Any CPU.Build.0 = Debug|Any CPU
        {4E8F7E48-991E-4D83-A43D-47E7D34B89A1}.Release|Any CPU.ActiveCfg = Release|Any CPU
        {4E8F7E48-991E-4D83-A43D-47E7D34B89A1}.Release|Any CPU.Build.0 = Release|Any CPU
        {F6F3D7D4-45B8-4E16-A6F7-6C54E4D4F781}.Debug|Any CPU.ActiveCfg = Debug|Any CPU
        {F6F3D7D4-45B8-4E16-A6F7-6C54E4D4F781}.Debug|Any CPU.Build.0 = Debug|Any CPU
        {F6F3D7D4-45B8-4E16-A6F7-6C54E4D4F781}.Release|Any CPU.ActiveCfg = Release|Any CPU
        {F6F3D7D4-45B8-4E16-A6F7-6C54E4D4F781}.Release|Any CPU.Build.0 = Release|Any CPU
        {8C0F6829-4A32-4F8F-9233-5D6D685C4701}.Debug|Any CPU.ActiveCfg = Debug|Any CPU
        {8C0F6829-4A32-4F8F-9233-5D6D685C4701}.Debug|Any CPU.Build.0 = Debug|Any CPU
        {8C0F6829-4A32-4F8F-9233-5D6D685C4701}.Release|Any CPU.ActiveCfg = Release|Any CPU
        {8C0F6829-4A32-4F8F-9233-5D6D685C4701}.Release|Any CPU.Build.0 = Release|Any CPU
        {D11A2AA2-7F3A-4F9C-9B61-339EA22E78AE}.Debug|Any CPU.ActiveCfg = Debug|Any CPU
        {D11A2AA2-7F3A-4F9C-9B61-339EA22E78AE}.Debug|Any CPU.Build.0 = Debug|Any CPU
        {D11A2AA2-7F3A-4F9C-9B61-339EA22E78AE}.Release|Any CPU.ActiveCfg = Release|Any CPU
        {D11A2AA2-7F3A-4F9C-9B61-339EA22E78AE}.Release|Any CPU.Build.0 = Release|Any CPU
        {54D9FB8D-F17B-478B-81BE-A7E29A728681}.Debug|Any CPU.ActiveCfg = Debug|Any CPU
        {54D9FB8D-F17B-478B-81BE-A7E29A728681}.Debug|Any CPU.Build.0 = Debug|Any CPU
        {54D9FB8D-F17B-478B-81BE-A7E29A728681}.Release|Any CPU.ActiveCfg = Release|Any CPU
        {54D9FB8D-F17B-478B-81BE-A7E29A728681}.Release|Any CPU.Build.0 = Release|Any CPU
        {B8EBD854-8CB0-4A6E-BC72-2A8B1A3D9464}.Debug|Any CPU.ActiveCfg = Debug|Any CPU
        {B8EBD854-8CB0-4A6E-BC72-2A8B1A3D9464}.Debug|Any CPU.Build.0 = Debug|Any CPU
        {B8EBD854-8CB0-4A6E-BC72-2A8B1A3D9464}.Release|Any CPU.ActiveCfg = Release|Any CPU
        {B8EBD854-8CB0-4A6E-BC72-2A8B1A3D9464}.Release|Any CPU.Build.0 = Release|Any CPU
        {EAA18941-39C3-4A03-9E22-23B6A40930D9}.Debug|Any CPU.ActiveCfg = Debug|Any CPU
        {EAA18941-39C3-4A03-9E22-23B6A40930D9}.Debug|Any CPU.Build.0 = Debug|Any CPU
        {EAA18941-39C3-4A03-9E22-23B6A40930D9}.Release|Any CPU.ActiveCfg = Release|Any CPU
        {EAA18941-39C3-4A03-9E22-23B6A40930D9}.Release|Any CPU.Build.0 = Release|Any CPU
        {5EC29F15-C268-4F10-A9CC-5E3AB0D4C0F1}.Debug|Any CPU.ActiveCfg = Debug|Any CPU
        {5EC29F15-C268-4F10-A9CC-5E3AB0D4C0F1}.Debug|Any CPU.Build.0 = Debug|Any CPU
        {5EC29F15-C268-4F10-A9CC-5E3AB0D4C0F1}.Release|Any CPU.ActiveCfg = Release|Any CPU
        {5EC29F15-C268-4F10-A9CC-5E3AB0D4C0F1}.Release|Any CPU.Build.0 = Release|Any CPU
        {A4C70D89-F987-44E1-A785-27AD7FF7985D}.Debug|Any CPU.ActiveCfg = Debug|Any CPU
        {A4C70D89-F987-44E1-A785-27AD7FF7985D}.Debug|Any CPU.Build.0 = Debug|Any CPU
        {A4C70D89-F987-44E1-A785-27AD7FF7985D}.Release|Any CPU.ActiveCfg = Release|Any CPU
        {A4C70D89-F987-44E1-A785-27AD7FF7985D}.Release|Any CPU.Build.0 = Release|Any CPU
    EndGlobalSection
EndGlobal
